// !$*UTF8*$!
{
	archiveVersion = 1;
	classes = {
	};
	objectVersion = 50;
	objects = {

/* Begin PBXBuildFile section */
		5E24B90B24350C7D00187954 /* coreml_model.mlmodel in Sources */ = {isa = PBXBuildFile; fileRef = 5E24B90A24350C7D00187954 /* coreml_model.mlmodel */; };
		5E2842BD24030E6E002FFBBB /* AppDelegate.swift in Sources */ = {isa = PBXBuildFile; fileRef = 5E2842BC24030E6E002FFBBB /* AppDelegate.swift */; };
		5E2842BF24030E6E002FFBBB /* SceneDelegate.swift in Sources */ = {isa = PBXBuildFile; fileRef = 5E2842BE24030E6E002FFBBB /* SceneDelegate.swift */; };
		5E2842C124030E6E002FFBBB /* ViewController.swift in Sources */ = {isa = PBXBuildFile; fileRef = 5E2842C024030E6E002FFBBB /* ViewController.swift */; };
		5E2842C424030E6E002FFBBB /* Main.storyboard in Resources */ = {isa = PBXBuildFile; fileRef = 5E2842C224030E6E002FFBBB /* Main.storyboard */; };
		5E2842C624030E72002FFBBB /* Assets.xcassets in Resources */ = {isa = PBXBuildFile; fileRef = 5E2842C524030E72002FFBBB /* Assets.xcassets */; };
		5E2842C924030E72002FFBBB /* LaunchScreen.storyboard in Resources */ = {isa = PBXBuildFile; fileRef = 5E2842C724030E72002FFBBB /* LaunchScreen.storyboard */; };
/* End PBXBuildFile section */

/* Begin PBXFileReference section */
		5E24B90A24350C7D00187954 /* coreml_model.mlmodel */ = {isa = PBXFileReference; lastKnownFileType = file.mlmodel; name = coreml_model.mlmodel; path = ../../ee/senior/ee98/smartbell/ml/coreml_model.mlmodel; sourceTree = "<group>"; };
		5E2842B924030E6E002FFBBB /* coremldemo.app */ = {isa = PBXFileReference; explicitFileType = wrapper.application; includeInIndex = 0; path = coremldemo.app; sourceTree = BUILT_PRODUCTS_DIR; };
		5E2842BC24030E6E002FFBBB /* AppDelegate.swift */ = {isa = PBXFileReference; lastKnownFileType = sourcecode.swift; path = AppDelegate.swift; sourceTree = "<group>"; };
		5E2842BE24030E6E002FFBBB /* SceneDelegate.swift */ = {isa = PBXFileReference; lastKnownFileType = sourcecode.swift; path = SceneDelegate.swift; sourceTree = "<group>"; };
		5E2842C024030E6E002FFBBB /* ViewController.swift */ = {isa = PBXFileReference; lastKnownFileType = sourcecode.swift; path = ViewController.swift; sourceTree = "<group>"; };
		5E2842C324030E6E002FFBBB /* Base */ = {isa = PBXFileReference; lastKnownFileType = file.storyboard; name = Base; path = Base.lproj/Main.storyboard; sourceTree = "<group>"; };
		5E2842C524030E72002FFBBB /* Assets.xcassets */ = {isa = PBXFileReference; lastKnownFileType = folder.assetcatalog; path = Assets.xcassets; sourceTree = "<group>"; };
		5E2842C824030E72002FFBBB /* Base */ = {isa = PBXFileReference; lastKnownFileType = file.storyboard; name = Base; path = Base.lproj/LaunchScreen.storyboard; sourceTree = "<group>"; };
		5E2842CA24030E72002FFBBB /* Info.plist */ = {isa = PBXFileReference; lastKnownFileType = text.plist.xml; path = Info.plist; sourceTree = "<group>"; };
/* End PBXFileReference section */

/* Begin PBXFrameworksBuildPhase section */
		5E2842B624030E6E002FFBBB /* Frameworks */ = {
			isa = PBXFrameworksBuildPhase;
			buildActionMask = 2147483647;
			files = (
			);
			runOnlyForDeploymentPostprocessing = 0;
		};
/* End PBXFrameworksBuildPhase section */

/* Begin PBXGroup section */
		5E2842B024030E6D002FFBBB = {
			isa = PBXGroup;
			children = (
				5E2842BB24030E6E002FFBBB /* coremldemo */,
				5E2842BA24030E6E002FFBBB /* Products */,
			);
			sourceTree = "<group>";
		};
		5E2842BA24030E6E002FFBBB /* Products */ = {
			isa = PBXGroup;
			children = (
				5E2842B924030E6E002FFBBB /* coremldemo.app */,
			);
			name = Products;
			sourceTree = "<group>";
		};
		5E2842BB24030E6E002FFBBB /* coremldemo */ = {
			isa = PBXGroup;
			children = (
				5E2842BC24030E6E002FFBBB /* AppDelegate.swift */,
				5E2842BE24030E6E002FFBBB /* SceneDelegate.swift */,
				5E2842C024030E6E002FFBBB /* ViewController.swift */,
				5E2842C224030E6E002FFBBB /* Main.storyboard */,
				5E2842C524030E72002FFBBB /* Assets.xcassets */,
				5E2842C724030E72002FFBBB /* LaunchScreen.storyboard */,
				5E2842CA24030E72002FFBBB /* Info.plist */,
				5E24B90A24350C7D00187954 /* coreml_model.mlmodel */,
			);
			path = coremldemo;
			sourceTree = "<group>";
		};
/* End PBXGroup section */

/* Begin PBXNativeTarget section */
		5E2842B824030E6E002FFBBB /* coremldemo */ = {
			isa = PBXNativeTarget;
			buildConfigurationList = 5E2842CD24030E72002FFBBB /* Build configuration list for PBXNativeTarget "coremldemo" */;
			buildPhases = (
				5E2842B524030E6E002FFBBB /* Sources */,
				5E2842B624030E6E002FFBBB /* Frameworks */,
				5E2842B724030E6E002FFBBB /* Resources */,
			);
			buildRules = (
			);
			dependencies = (
			);
			name = coremldemo;
			productName = coremldemo;
			productReference = 5E2842B924030E6E002FFBBB /* coremldemo.app */;
			productType = "com.apple.product-type.application";
		};
/* End PBXNativeTarget section */

/* Begin PBXProject section */
		5E2842B124030E6D002FFBBB /* Project object */ = {
			isa = PBXProject;
			attributes = {
				LastSwiftUpdateCheck = 1130;
				LastUpgradeCheck = 1130;
				ORGANIZATIONNAME = "Emily Moise";
				TargetAttributes = {
					5E2842B824030E6E002FFBBB = {
						CreatedOnToolsVersion = 11.3.1;
					};
				};
			};
			buildConfigurationList = 5E2842B424030E6D002FFBBB /* Build configuration list for PBXProject "coremldemo" */;
			compatibilityVersion = "Xcode 9.3";
			developmentRegion = en;
			hasScannedForEncodings = 0;
			knownRegions = (
				en,
				Base,
			);
			mainGroup = 5E2842B024030E6D002FFBBB;
			productRefGroup = 5E2842BA24030E6E002FFBBB /* Products */;
			projectDirPath = "";
			projectRoot = "";
			targets = (
				5E2842B824030E6E002FFBBB /* coremldemo */,
			);
		};
/* End PBXProject section */

/* Begin PBXResourcesBuildPhase section */
		5E2842B724030E6E002FFBBB /* Resources */ = {
			isa = PBXResourcesBuildPhase;
			buildActionMask = 2147483647;
			files = (
				5E2842C924030E72002FFBBB /* LaunchScreen.storyboard in Resources */,
				5E2842C624030E72002FFBBB /* Assets.xcassets in Resources */,
				5E2842C424030E6E002FFBBB /* Main.storyboard in Resources */,
			);
			runOnlyForDeploymentPostprocessing = 0;
		};
/* End PBXResourcesBuildPhase section */

/* Begin PBXSourcesBuildPhase section */
		5E2842B524030E6E002FFBBB /* Sources */ = {
			isa = PBXSourcesBuildPhase;
			buildActionMask = 2147483647;
			files = (
				5E2842C124030E6E002FFBBB /* ViewController.swift in Sources */,
				5E2842BD24030E6E002FFBBB /* AppDelegate.swift in Sources */,
				5E24B90B24350C7D00187954 /* coreml_model.mlmodel in Sources */,
				5E2842BF24030E6E002FFBBB /* SceneDelegate.swift in Sources */,
			);
			runOnlyForDeploymentPostprocessing = 0;
		};
/* End PBXSourcesBuildPhase section */

/* Begin PBXVariantGroup section */
		5E2842C224030E6E002FFBBB /* Main.storyboard */ = {
			isa = PBXVariantGroup;
			children = (
				5E2842C324030E6E002FFBBB /* Base */,
			);
			name = Main.storyboard;
			sourceTree = "<group>";
		};
		5E2842C724030E72002FFBBB /* LaunchScreen.storyboard */ = {
			isa = PBXVariantGroup;
			children = (
				5E2842C824030E72002FFBBB /* Base */,
			);
			name = LaunchScreen.storyboard;
			sourceTree = "<group>";
		};
/* End PBXVariantGroup section */

/* Begin XCBuildConfiguration section */
		5E2842CB24030E72002FFBBB /* Debug */ = {
			isa = XCBuildConfiguration;
			buildSettings = {
				ALWAYS_SEARCH_USER_PATHS = NO;
				CLANG_ANALYZER_NONNULL = YES;
				CLANG_ANALYZER_NUMBER_OBJECT_CONVERSION = YES_AGGRESSIVE;
				CLANG_CXX_LANGUAGE_STANDARD = "gnu++14";
				CLANG_CXX_LIBRARY = "libc++";
				CLANG_ENABLE_MODULES = YES;
				CLANG_ENABLE_OBJC_ARC = YES;
				CLANG_ENABLE_OBJC_WEAK = YES;
				CLANG_WARN_BLOCK_CAPTURE_AUTORELEASING = YES;
				CLANG_WARN_BOOL_CONVERSION = YES;
				CLANG_WARN_COMMA = YES;
				CLANG_WARN_CONSTANT_CONVERSION = YES;
				CLANG_WARN_DEPRECATED_OBJC_IMPLEMENTATIONS = YES;
				CLANG_WARN_DIRECT_OBJC_ISA_USAGE = YES_ERROR;
				CLANG_WARN_DOCUMENTATION_COMMENTS = YES;
				CLANG_WARN_EMPTY_BODY = YES;
				CLANG_WARN_ENUM_CONVERSION = YES;
				CLANG_WARN_INFINITE_RECURSION = YES;
				CLANG_WARN_INT_CONVERSION = YES;
				CLANG_WARN_NON_LITERAL_NULL_CONVERSION = YES;
				CLANG_WARN_OBJC_IMPLICIT_RETAIN_SELF = YES;
				CLANG_WARN_OBJC_LITERAL_CONVERSION = YES;
				CLANG_WARN_OBJC_ROOT_CLASS = YES_ERROR;
				CLANG_WARN_RANGE_LOOP_ANALYSIS = YES;
				CLANG_WARN_STRICT_PROTOTYPES = YES;
				CLANG_WARN_SUSPICIOUS_MOVE = YES;
				CLANG_WARN_UNGUARDED_AVAILABILITY = YES_AGGRESSIVE;
				CLANG_WARN_UNREACHABLE_CODE = YES;
				CLANG_WARN__DUPLICATE_METHOD_MATCH = YES;
				COPY_PHASE_STRIP = NO;
				DEBUG_INFORMATION_FORMAT = dwarf;
				ENABLE_STRICT_OBJC_MSGSEND = YES;
				ENABLE_TESTABILITY = YES;
				GCC_C_LANGUAGE_STANDARD = gnu11;
				GCC_DYNAMIC_NO_PIC = NO;
				GCC_NO_COMMON_BLOCKS = YES;
				GCC_OPTIMIZATION_LEVEL = 0;
				GCC_PREPROCESSOR_DEFINITIONS = (
					"DEBUG=1",
					"$(inherited)",
				);
				GCC_WARN_64_TO_32_BIT_CONVERSION = YES;
				GCC_WARN_ABOUT_RETURN_TYPE = YES_ERROR;
				GCC_WARN_UNDECLARED_SELECTOR = YES;
				GCC_WARN_UNINITIALIZED_AUTOS = YES_AGGRESSIVE;
				GCC_WARN_UNUSED_FUNCTION = YES;
				GCC_WARN_UNUSED_VARIABLE = YES;
				IPHONEOS_DEPLOYMENT_TARGET = 13.2;
				MTL_ENABLE_DEBUG_INFO = INCLUDE_SOURCE;
				MTL_FAST_MATH = YES;
				ONLY_ACTIVE_ARCH = YES;
				SDKROOT = iphoneos;
				SWIFT_ACTIVE_COMPILATION_CONDITIONS = DEBUG;
				SWIFT_OPTIMIZATION_LEVEL = "-Onone";
			};
			name = Debug;
		};
		5E2842CC24030E72002FFBBB /* Release */ = {
			isa = XCBuildConfiguration;
			buildSettings = {
				ALWAYS_SEARCH_USER_PATHS = NO;
				CLANG_ANALYZER_NONNULL = YES;
				CLANG_ANALYZER_NUMBER_OBJECT_CONVERSION = YES_AGGRESSIVE;
				CLANG_CXX_LANGUAGE_STANDARD = "gnu++14";
				CLANG_CXX_LIBRARY = "libc++";
				CLANG_ENABLE_MODULES = YES;
				CLANG_ENABLE_OBJC_ARC = YES;
				CLANG_ENABLE_OBJC_WEAK = YES;
				CLANG_WARN_BLOCK_CAPTURE_AUTORELEASING = YES;
				CLANG_WARN_BOOL_CONVERSION = YES;
				CLANG_WARN_COMMA = YES;
				CLANG_WARN_CONSTANT_CONVERSION = YES;
				CLANG_WARN_DEPRECATED_OBJC_IMPLEMENTATIONS = YES;
				CLANG_WARN_DIRECT_OBJC_ISA_USAGE = YES_ERROR;
				CLANG_WARN_DOCUMENTATION_COMMENTS = YES;
				CLANG_WARN_EMPTY_BODY = YES;
				CLANG_WARN_ENUM_CONVERSION = YES;
				CLANG_WARN_INFINITE_RECURSION = YES;
				CLANG_WARN_INT_CONVERSION = YES;
				CLANG_WARN_NON_LITERAL_NULL_CONVERSION = YES;
				CLANG_WARN_OBJC_IMPLICIT_RETAIN_SELF = YES;
				CLANG_WARN_OBJC_LITERAL_CONVERSION = YES;
				CLANG_WARN_OBJC_ROOT_CLASS = YES_ERROR;
				CLANG_WARN_RANGE_LOOP_ANALYSIS = YES;
				CLANG_WARN_STRICT_PROTOTYPES = YES;
				CLANG_WARN_SUSPICIOUS_MOVE = YES;
				CLANG_WARN_UNGUARDED_AVAILABILITY = YES_AGGRESSIVE;
				CLANG_WARN_UNREACHABLE_CODE = YES;
				CLANG_WARN__DUPLICATE_METHOD_MATCH = YES;
				COPY_PHASE_STRIP = NO;
				DEBUG_INFORMATION_FORMAT = "dwarf-with-dsym";
				ENABLE_NS_ASSERTIONS = NO;
				ENABLE_STRICT_OBJC_MSGSEND = YES;
				GCC_C_LANGUAGE_STANDARD = gnu11;
				GCC_NO_COMMON_BLOCKS = YES;
				GCC_WARN_64_TO_32_BIT_CONVERSION = YES;
				GCC_WARN_ABOUT_RETURN_TYPE = YES_ERROR;
				GCC_WARN_UNDECLARED_SELECTOR = YES;
				GCC_WARN_UNINITIALIZED_AUTOS = YES_AGGRESSIVE;
				GCC_WARN_UNUSED_FUNCTION = YES;
				GCC_WARN_UNUSED_VARIABLE = YES;
				IPHONEOS_DEPLOYMENT_TARGET = 13.2;
				MTL_ENABLE_DEBUG_INFO = NO;
				MTL_FAST_MATH = YES;
				SDKROOT = iphoneos;
				SWIFT_COMPILATION_MODE = wholemodule;
				SWIFT_OPTIMIZATION_LEVEL = "-O";
				VALIDATE_PRODUCT = YES;
			};
			name = Release;
		};
		5E2842CE24030E72002FFBBB /* Debug */ = {
			isa = XCBuildConfiguration;
			buildSettings = {
				ASSETCATALOG_COMPILER_APPICON_NAME = AppIcon;
				CODE_SIGN_STYLE = Automatic;
				DEVELOPMENT_TEAM = WC8GK6LE4R;
				INFOPLIST_FILE = coremldemo/Info.plist;
				LD_RUNPATH_SEARCH_PATHS = (
					"$(inherited)",
					"@executable_path/Frameworks",
				);
				PRODUCT_BUNDLE_IDENTIFIER = emTufts.coremldemo;
				PRODUCT_NAME = "$(TARGET_NAME)";
				SWIFT_VERSION = 5.0;
				TARGETED_DEVICE_FAMILY = "1,2";
			};
			name = Debug;
		};
		5E2842CF24030E72002FFBBB /* Release */ = {
			isa = XCBuildConfiguration;
			buildSettings = {
				ASSETCATALOG_COMPILER_APPICON_NAME = AppIcon;
				CODE_SIGN_STYLE = Automatic;
				DEVELOPMENT_TEAM = WC8GK6LE4R;
				INFOPLIST_FILE = coremldemo/Info.plist;
				LD_RUNPATH_SEARCH_PATHS = (
					"$(inherited)",
					"@executable_path/Frameworks",
				);
				PRODUCT_BUNDLE_IDENTIFIER = emTufts.coremldemo;
				PRODUCT_NAME = "$(TARGET_NAME)";
				SWIFT_VERSION = 5.0;
				TARGETED_DEVICE_FAMILY = "1,2";
			};
			name = Release;
		};
/* End XCBuildConfiguration section */

/* Begin XCConfigurationList section */
		5E2842B424030E6D002FFBBB /* Build configuration list for PBXProject "coremldemo" */ = {
			isa = XCConfigurationList;
			buildConfigurations = (
				5E2842CB24030E72002FFBBB /* Debug */,
				5E2842CC24030E72002FFBBB /* Release */,
			);
			defaultConfigurationIsVisible = 0;
			defaultConfigurationName = Release;
		};
		5E2842CD24030E72002FFBBB /* Build configuration list for PBXNativeTarget "coremldemo" */ = {
			isa = XCConfigurationList;
			buildConfigurations = (
				5E2842CE24030E72002FFBBB /* Debug */,
				5E2842CF24030E72002FFBBB /* Release */,
			);
			defaultConfigurationIsVisible = 0;
			defaultConfigurationName = Release;
		};
/* End XCConfigurationList section */
	};
	rootObject = 5E2842B124030E6D002FFBBB /* Project object */;
}
